
Microsoft Visual Studio Solution File, Format Version 12.00
# Visual Studio 15
VisualStudioVersion = 15.0.28010.2041
MinimumVisualStudioVersion = 10.0.40219.1
Project("{FAE04EC0-301F-11D3-BF4B-00C04F79EFBC}") = "Project.Android", "Project\Project.Android\Project.Android.csproj", "{3E585187-1BDC-4B80-9579-802E6F059BF1}"
EndProject
Project("{FAE04EC0-301F-11D3-BF4B-00C04F79EFBC}") = "Project.iOS", "Project\Project.iOS\Project.iOS.csproj", "{79E4B499-433D-4D53-8D2F-DB4DB933A09C}"
EndProject
Project("{FAE04EC0-301F-11D3-BF4B-00C04F79EFBC}") = "Project.UWP", "Project\Project.UWP\Project.UWP.csproj", "{8373DBF7-D5C6-4211-AA3A-1BFEEF5781FC}"
EndProject
Project("{FAE04EC0-301F-11D3-BF4B-00C04F79EFBC}") = "Project", "Project\Project\Project.csproj", "{89608E29-71CA-489A-B497-6DF089FD7864}"
EndProject
Global
	GlobalSection(SolutionConfigurationPlatforms) = preSolution
		Ad-Hoc|Any CPU = Ad-Hoc|Any CPU
		Ad-Hoc|ARM = Ad-Hoc|ARM
		Ad-Hoc|iPhone = Ad-Hoc|iPhone
		Ad-Hoc|iPhoneSimulator = Ad-Hoc|iPhoneSimulator
		Ad-Hoc|x64 = Ad-Hoc|x64
		Ad-Hoc|x86 = Ad-Hoc|x86
		AppStore|Any CPU = AppStore|Any CPU
		AppStore|ARM = AppStore|ARM
		AppStore|iPhone = AppStore|iPhone
		AppStore|iPhoneSimulator = AppStore|iPhoneSimulator
		AppStore|x64 = AppStore|x64
		AppStore|x86 = AppStore|x86
		Debug|Any CPU = Debug|Any CPU
		Debug|ARM = Debug|ARM
		Debug|iPhone = Debug|iPhone
		Debug|iPhoneSimulator = Debug|iPhoneSimulator
		Debug|x64 = Debug|x64
		Debug|x86 = Debug|x86
		Release|Any CPU = Release|Any CPU
		Release|ARM = Release|ARM
		Release|iPhone = Release|iPhone
		Release|iPhoneSimulator = Release|iPhoneSimulator
		Release|x64 = Release|x64
		Release|x86 = Release|x86
	EndGlobalSection
	GlobalSection(ProjectConfigurationPlatforms) = postSolution
		{3E585187-1BDC-4B80-9579-802E6F059BF1}.Ad-Hoc|Any CPU.ActiveCfg = Release|Any CPU
		{3E585187-1BDC-4B80-9579-802E6F059BF1}.Ad-Hoc|Any CPU.Build.0 = Release|Any CPU
		{3E585187-1BDC-4B80-9579-802E6F059BF1}.Ad-Hoc|Any CPU.Deploy.0 = Release|Any CPU
		{3E585187-1BDC-4B80-9579-802E6F059BF1}.Ad-Hoc|ARM.ActiveCfg = Release|Any CPU
		{3E585187-1BDC-4B80-9579-802E6F059BF1}.Ad-Hoc|ARM.Build.0 = Release|Any CPU
		{3E585187-1BDC-4B80-9579-802E6F059BF1}.Ad-Hoc|ARM.Deploy.0 = Release|Any CPU
		{3E585187-1BDC-4B80-9579-802E6F059BF1}.Ad-Hoc|iPhone.ActiveCfg = Release|Any CPU
		{3E585187-1BDC-4B80-9579-802E6F059BF1}.Ad-Hoc|iPhone.Build.0 = Release|Any CPU
		{3E585187-1BDC-4B80-9579-802E6F059BF1}.Ad-Hoc|iPhone.Deploy.0 = Release|Any CPU
		{3E585187-1BDC-4B80-9579-802E6F059BF1}.Ad-Hoc|iPhoneSimulator.ActiveCfg = Release|Any CPU
		{3E585187-1BDC-4B80-9579-802E6F059BF1}.Ad-Hoc|iPhoneSimulator.Build.0 = Release|Any CPU
		{3E585187-1BDC-4B80-9579-802E6F059BF1}.Ad-Hoc|iPhoneSimulator.Deploy.0 = Release|Any CPU
		{3E585187-1BDC-4B80-9579-802E6F059BF1}.Ad-Hoc|x64.ActiveCfg = Release|Any CPU
		{3E585187-1BDC-4B80-9579-802E6F059BF1}.Ad-Hoc|x64.Build.0 = Release|Any CPU
		{3E585187-1BDC-4B80-9579-802E6F059BF1}.Ad-Hoc|x64.Deploy.0 = Release|Any CPU
		{3E585187-1BDC-4B80-9579-802E6F059BF1}.Ad-Hoc|x86.ActiveCfg = Release|Any CPU
		{3E585187-1BDC-4B80-9579-802E6F059BF1}.Ad-Hoc|x86.Build.0 = Release|Any CPU
		{3E585187-1BDC-4B80-9579-802E6F059BF1}.Ad-Hoc|x86.Deploy.0 = Release|Any CPU
		{3E585187-1BDC-4B80-9579-802E6F059BF1}.AppStore|Any CPU.ActiveCfg = Release|Any CPU
		{3E585187-1BDC-4B80-9579-802E6F059BF1}.AppStore|Any CPU.Build.0 = Release|Any CPU
		{3E585187-1BDC-4B80-9579-802E6F059BF1}.AppStore|Any CPU.Deploy.0 = Release|Any CPU
		{3E585187-1BDC-4B80-9579-802E6F059BF1}.AppStore|ARM.ActiveCfg = Release|Any CPU
		{3E585187-1BDC-4B80-9579-802E6F059BF1}.AppStore|ARM.Build.0 = Release|Any CPU
		{3E585187-1BDC-4B80-9579-802E6F059BF1}.AppStore|ARM.Deploy.0 = Release|Any CPU
		{3E585187-1BDC-4B80-9579-802E6F059BF1}.AppStore|iPhone.ActiveCfg = Release|Any CPU
		{3E585187-1BDC-4B80-9579-802E6F059BF1}.AppStore|iPhone.Build.0 = Release|Any CPU
		{3E585187-1BDC-4B80-9579-802E6F059BF1}.AppStore|iPhone.Deploy.0 = Release|Any CPU
		{3E585187-1BDC-4B80-9579-802E6F059BF1}.AppStore|iPhoneSimulator.ActiveCfg = Release|Any CPU
		{3E585187-1BDC-4B80-9579-802E6F059BF1}.AppStore|iPhoneSimulator.Build.0 = Release|Any CPU
		{3E585187-1BDC-4B80-9579-802E6F059BF1}.AppStore|iPhoneSimulator.Deploy.0 = Release|Any CPU
		{3E585187-1BDC-4B80-9579-802E6F059BF1}.AppStore|x64.ActiveCfg = Release|Any CPU
		{3E585187-1BDC-4B80-9579-802E6F059BF1}.AppStore|x64.Build.0 = Release|Any CPU
		{3E585187-1BDC-4B80-9579-802E6F059BF1}.AppStore|x64.Deploy.0 = Release|Any CPU
		{3E585187-1BDC-4B80-9579-802E6F059BF1}.AppStore|x86.ActiveCfg = Release|Any CPU
		{3E585187-1BDC-4B80-9579-802E6F059BF1}.AppStore|x86.Build.0 = Release|Any CPU
		{3E585187-1BDC-4B80-9579-802E6F059BF1}.AppStore|x86.Deploy.0 = Release|Any CPU
		{3E585187-1BDC-4B80-9579-802E6F059BF1}.Debug|Any CPU.ActiveCfg = Debug|Any CPU
		{3E585187-1BDC-4B80-9579-802E6F059BF1}.Debug|Any CPU.Build.0 = Debug|Any CPU
		{3E585187-1BDC-4B80-9579-802E6F059BF1}.Debug|Any CPU.Deploy.0 = Debug|Any CPU
		{3E585187-1BDC-4B80-9579-802E6F059BF1}.Debug|ARM.ActiveCfg = Debug|Any CPU
		{3E585187-1BDC-4B80-9579-802E6F059BF1}.Debug|ARM.Build.0 = Debug|Any CPU
		{3E585187-1BDC-4B80-9579-802E6F059BF1}.Debug|ARM.Deploy.0 = Debug|Any CPU
		{3E585187-1BDC-4B80-9579-802E6F059BF1}.Debug|iPhone.ActiveCfg = Debug|Any CPU
		{3E585187-1BDC-4B80-9579-802E6F059BF1}.Debug|iPhone.Build.0 = Debug|Any CPU
		{3E585187-1BDC-4B80-9579-802E6F059BF1}.Debug|iPhone.Deploy.0 = Debug|Any CPU
		{3E585187-1BDC-4B80-9579-802E6F059BF1}.Debug|iPhoneSimulator.ActiveCfg = Debug|Any CPU
		{3E585187-1BDC-4B80-9579-802E6F059BF1}.Debug|iPhoneSimulator.Build.0 = Debug|Any CPU
		{3E585187-1BDC-4B80-9579-802E6F059BF1}.Debug|iPhoneSimulator.Deploy.0 = Debug|Any CPU
		{3E585187-1BDC-4B80-9579-802E6F059BF1}.Debug|x64.ActiveCfg = Debug|Any CPU
		{3E585187-1BDC-4B80-9579-802E6F059BF1}.Debug|x64.Build.0 = Debug|Any CPU
		{3E585187-1BDC-4B80-9579-802E6F059BF1}.Debug|x64.Deploy.0 = Debug|Any CPU
		{3E585187-1BDC-4B80-9579-802E6F059BF1}.Debug|x86.ActiveCfg = Debug|Any CPU
		{3E585187-1BDC-4B80-9579-802E6F059BF1}.Debug|x86.Build.0 = Debug|Any CPU
		{3E585187-1BDC-4B80-9579-802E6F059BF1}.Debug|x86.Deploy.0 = Debug|Any CPU
		{3E585187-1BDC-4B80-9579-802E6F059BF1}.Release|Any CPU.ActiveCfg = Release|Any CPU
		{3E585187-1BDC-4B80-9579-802E6F059BF1}.Release|Any CPU.Build.0 = Release|Any CPU
		{3E585187-1BDC-4B80-9579-802E6F059BF1}.Release|Any CPU.Deploy.0 = Release|Any CPU
		{3E585187-1BDC-4B80-9579-802E6F059BF1}.Release|ARM.ActiveCfg = Release|Any CPU
		{3E585187-1BDC-4B80-9579-802E6F059BF1}.Release|ARM.Build.0 = Release|Any CPU
		{3E585187-1BDC-4B80-9579-802E6F059BF1}.Release|ARM.Deploy.0 = Release|Any CPU
		{3E585187-1BDC-4B80-9579-802E6F059BF1}.Release|iPhone.ActiveCfg = Release|Any CPU
		{3E585187-1BDC-4B80-9579-802E6F059BF1}.Release|iPhone.Build.0 = Release|Any CPU
		{3E585187-1BDC-4B80-9579-802E6F059BF1}.Release|iPhone.Deploy.0 = Release|Any CPU
		{3E585187-1BDC-4B80-9579-802E6F059BF1}.Release|iPhoneSimulator.ActiveCfg = Release|Any CPU
		{3E585187-1BDC-4B80-9579-802E6F059BF1}.Release|iPhoneSimulator.Build.0 = Release|Any CPU
		{3E585187-1BDC-4B80-9579-802E6F059BF1}.Release|iPhoneSimulator.Deploy.0 = Release|Any CPU
		{3E585187-1BDC-4B80-9579-802E6F059BF1}.Release|x64.ActiveCfg = Release|Any CPU
		{3E585187-1BDC-4B80-9579-802E6F059BF1}.Release|x64.Build.0 = Release|Any CPU
		{3E585187-1BDC-4B80-9579-802E6F059BF1}.Release|x64.Deploy.0 = Release|Any CPU
		{3E585187-1BDC-4B80-9579-802E6F059BF1}.Release|x86.ActiveCfg = Release|Any CPU
		{3E585187-1BDC-4B80-9579-802E6F059BF1}.Release|x86.Build.0 = Release|Any CPU
		{3E585187-1BDC-4B80-9579-802E6F059BF1}.Release|x86.Deploy.0 = Release|Any CPU
		{79E4B499-433D-4D53-8D2F-DB4DB933A09C}.Ad-Hoc|Any CPU.ActiveCfg = Ad-Hoc|iPhone
		{79E4B499-433D-4D53-8D2F-DB4DB933A09C}.Ad-Hoc|Any CPU.Build.0 = Ad-Hoc|iPhone
		{79E4B499-433D-4D53-8D2F-DB4DB933A09C}.Ad-Hoc|Any CPU.Deploy.0 = Ad-Hoc|iPhone
		{79E4B499-433D-4D53-8D2F-DB4DB933A09C}.Ad-Hoc|ARM.ActiveCfg = Ad-Hoc|iPhone
		{79E4B499-433D-4D53-8D2F-DB4DB933A09C}.Ad-Hoc|ARM.Build.0 = Ad-Hoc|iPhone
		{79E4B499-433D-4D53-8D2F-DB4DB933A09C}.Ad-Hoc|ARM.Deploy.0 = Ad-Hoc|iPhone
		{79E4B499-433D-4D53-8D2F-DB4DB933A09C}.Ad-Hoc|iPhone.ActiveCfg = Ad-Hoc|iPhone
		{79E4B499-433D-4D53-8D2F-DB4DB933A09C}.Ad-Hoc|iPhone.Build.0 = Ad-Hoc|iPhone
		{79E4B499-433D-4D53-8D2F-DB4DB933A09C}.Ad-Hoc|iPhone.Deploy.0 = Ad-Hoc|iPhone
		{79E4B499-433D-4D53-8D2F-DB4DB933A09C}.Ad-Hoc|iPhoneSimulator.ActiveCfg = Ad-Hoc|iPhoneSimulator
		{79E4B499-433D-4D53-8D2F-DB4DB933A09C}.Ad-Hoc|iPhoneSimulator.Build.0 = Ad-Hoc|iPhoneSimulator
		{79E4B499-433D-4D53-8D2F-DB4DB933A09C}.Ad-Hoc|iPhoneSimulator.Deploy.0 = Ad-Hoc|iPhoneSimulator
		{79E4B499-433D-4D53-8D2F-DB4DB933A09C}.Ad-Hoc|x64.ActiveCfg = Ad-Hoc|iPhone
		{79E4B499-433D-4D53-8D2F-DB4DB933A09C}.Ad-Hoc|x64.Build.0 = Ad-Hoc|iPhone
		{79E4B499-433D-4D53-8D2F-DB4DB933A09C}.Ad-Hoc|x64.Deploy.0 = Ad-Hoc|iPhone
		{79E4B499-433D-4D53-8D2F-DB4DB933A09C}.Ad-Hoc|x86.ActiveCfg = Ad-Hoc|iPhone
		{79E4B499-433D-4D53-8D2F-DB4DB933A09C}.Ad-Hoc|x86.Build.0 = Ad-Hoc|iPhone
		{79E4B499-433D-4D53-8D2F-DB4DB933A09C}.Ad-Hoc|x86.Deploy.0 = Ad-Hoc|iPhone
		{79E4B499-433D-4D53-8D2F-DB4DB933A09C}.AppStore|Any CPU.ActiveCfg = AppStore|iPhone
		{79E4B499-433D-4D53-8D2F-DB4DB933A09C}.AppStore|Any CPU.Build.0 = AppStore|iPhone
		{79E4B499-433D-4D53-8D2F-DB4DB933A09C}.AppStore|Any CPU.Deploy.0 = AppStore|iPhone
		{79E4B499-433D-4D53-8D2F-DB4DB933A09C}.AppStore|ARM.ActiveCfg = AppStore|iPhone
		{79E4B499-433D-4D53-8D2F-DB4DB933A09C}.AppStore|ARM.Build.0 = AppStore|iPhone
		{79E4B499-433D-4D53-8D2F-DB4DB933A09C}.AppStore|ARM.Deploy.0 = AppStore|iPhone
		{79E4B499-433D-4D53-8D2F-DB4DB933A09C}.AppStore|iPhone.ActiveCfg = AppStore|iPhone
		{79E4B499-433D-4D53-8D2F-DB4DB933A09C}.AppStore|iPhone.Build.0 = AppStore|iPhone
		{79E4B499-433D-4D53-8D2F-DB4DB933A09C}.AppStore|iPhone.Deploy.0 = AppStore|iPhone
		{79E4B499-433D-4D53-8D2F-DB4DB933A09C}.AppStore|iPhoneSimulator.ActiveCfg = AppStore|iPhoneSimulator
		{79E4B499-433D-4D53-8D2F-DB4DB933A09C}.AppStore|iPhoneSimulator.Build.0 = AppStore|iPhoneSimulator
		{79E4B499-433D-4D53-8D2F-DB4DB933A09C}.AppStore|iPhoneSimulator.Deploy.0 = AppStore|iPhoneSimulator
		{79E4B499-433D-4D53-8D2F-DB4DB933A09C}.AppStore|x64.ActiveCfg = AppStore|iPhone
		{79E4B499-433D-4D53-8D2F-DB4DB933A09C}.AppStore|x64.Build.0 = AppStore|iPhone
		{79E4B499-433D-4D53-8D2F-DB4DB933A09C}.AppStore|x64.Deploy.0 = AppStore|iPhone
		{79E4B499-433D-4D53-8D2F-DB4DB933A09C}.AppStore|x86.ActiveCfg = AppStore|iPhone
		{79E4B499-433D-4D53-8D2F-DB4DB933A09C}.AppStore|x86.Build.0 = AppStore|iPhone
		{79E4B499-433D-4D53-8D2F-DB4DB933A09C}.AppStore|x86.Deploy.0 = AppStore|iPhone
		{79E4B499-433D-4D53-8D2F-DB4DB933A09C}.Debug|Any CPU.ActiveCfg = Debug|iPhoneSimulator
		{79E4B499-433D-4D53-8D2F-DB4DB933A09C}.Debug|Any CPU.Build.0 = Debug|iPhoneSimulator
		{79E4B499-433D-4D53-8D2F-DB4DB933A09C}.Debug|Any CPU.Deploy.0 = Debug|iPhoneSimulator
		{79E4B499-433D-4D53-8D2F-DB4DB933A09C}.Debug|ARM.ActiveCfg = Debug|iPhone
		{79E4B499-433D-4D53-8D2F-DB4DB933A09C}.Debug|ARM.Build.0 = Debug|iPhone
		{79E4B499-433D-4D53-8D2F-DB4DB933A09C}.Debug|ARM.Deploy.0 = Debug|iPhone
		{79E4B499-433D-4D53-8D2F-DB4DB933A09C}.Debug|iPhone.ActiveCfg = Debug|iPhone
		{79E4B499-433D-4D53-8D2F-DB4DB933A09C}.Debug|iPhone.Build.0 = Debug|iPhone
		{79E4B499-433D-4D53-8D2F-DB4DB933A09C}.Debug|iPhone.Deploy.0 = Debug|iPhone
		{79E4B499-433D-4D53-8D2F-DB4DB933A09C}.Debug|iPhoneSimulator.ActiveCfg = Debug|iPhoneSimulator
		{79E4B499-433D-4D53-8D2F-DB4DB933A09C}.Debug|iPhoneSimulator.Build.0 = Debug|iPhoneSimulator
		{79E4B499-433D-4D53-8D2F-DB4DB933A09C}.Debug|iPhoneSimulator.Deploy.0 = Debug|iPhoneSimulator
		{79E4B499-433D-4D53-8D2F-DB4DB933A09C}.Debug|x64.ActiveCfg = Debug|iPhone
		{79E4B499-433D-4D53-8D2F-DB4DB933A09C}.Debug|x64.Build.0 = Debug|iPhone
		{79E4B499-433D-4D53-8D2F-DB4DB933A09C}.Debug|x64.Deploy.0 = Debug|iPhone
		{79E4B499-433D-4D53-8D2F-DB4DB933A09C}.Debug|x86.ActiveCfg = Debug|iPhone
		{79E4B499-433D-4D53-8D2F-DB4DB933A09C}.Debug|x86.Build.0 = Debug|iPhone
		{79E4B499-433D-4D53-8D2F-DB4DB933A09C}.Debug|x86.Deploy.0 = Debug|iPhone
		{79E4B499-433D-4D53-8D2F-DB4DB933A09C}.Release|Any CPU.ActiveCfg = Release|iPhone
		{79E4B499-433D-4D53-8D2F-DB4DB933A09C}.Release|Any CPU.Build.0 = Release|iPhone
		{79E4B499-433D-4D53-8D2F-DB4DB933A09C}.Release|Any CPU.Deploy.0 = Release|iPhone
		{79E4B499-433D-4D53-8D2F-DB4DB933A09C}.Release|ARM.ActiveCfg = Release|iPhone
		{79E4B499-433D-4D53-8D2F-DB4DB933A09C}.Release|ARM.Build.0 = Release|iPhone
		{79E4B499-433D-4D53-8D2F-DB4DB933A09C}.Release|ARM.Deploy.0 = Release|iPhone
		{79E4B499-433D-4D53-8D2F-DB4DB933A09C}.Release|iPhone.ActiveCfg = Release|iPhone
		{79E4B499-433D-4D53-8D2F-DB4DB933A09C}.Release|iPhone.Build.0 = Release|iPhone
		{79E4B499-433D-4D53-8D2F-DB4DB933A09C}.Release|iPhone.Deploy.0 = Release|iPhone
		{79E4B499-433D-4D53-8D2F-DB4DB933A09C}.Release|iPhoneSimulator.ActiveCfg = Release|iPhoneSimulator
		{79E4B499-433D-4D53-8D2F-DB4DB933A09C}.Release|iPhoneSimulator.Build.0 = Release|iPhoneSimulator
		{79E4B499-433D-4D53-8D2F-DB4DB933A09C}.Release|iPhoneSimulator.Deploy.0 = Release|iPhoneSimulator
		{79E4B499-433D-4D53-8D2F-DB4DB933A09C}.Release|x64.ActiveCfg = Release|iPhone
		{79E4B499-433D-4D53-8D2F-DB4DB933A09C}.Release|x64.Build.0 = Release|iPhone
		{79E4B499-433D-4D53-8D2F-DB4DB933A09C}.Release|x64.Deploy.0 = Release|iPhone
		{79E4B499-433D-4D53-8D2F-DB4DB933A09C}.Release|x86.ActiveCfg = Release|iPhone
		{79E4B499-433D-4D53-8D2F-DB4DB933A09C}.Release|x86.Build.0 = Release|iPhone
		{79E4B499-433D-4D53-8D2F-DB4DB933A09C}.Release|x86.Deploy.0 = Release|iPhone
		{8373DBF7-D5C6-4211-AA3A-1BFEEF5781FC}.Ad-Hoc|Any CPU.ActiveCfg = Release|x86
		{8373DBF7-D5C6-4211-AA3A-1BFEEF5781FC}.Ad-Hoc|Any CPU.Build.0 = Release|x86
		{8373DBF7-D5C6-4211-AA3A-1BFEEF5781FC}.Ad-Hoc|Any CPU.Deploy.0 = Release|x86
		{8373DBF7-D5C6-4211-AA3A-1BFEEF5781FC}.Ad-Hoc|ARM.ActiveCfg = Release|ARM
		{8373DBF7-D5C6-4211-AA3A-1BFEEF5781FC}.Ad-Hoc|ARM.Build.0 = Release|ARM
		{8373DBF7-D5C6-4211-AA3A-1BFEEF5781FC}.Ad-Hoc|ARM.Deploy.0 = Release|ARM
		{8373DBF7-D5C6-4211-AA3A-1BFEEF5781FC}.Ad-Hoc|iPhone.ActiveCfg = Release|x86
		{8373DBF7-D5C6-4211-AA3A-1BFEEF5781FC}.Ad-Hoc|iPhone.Build.0 = Release|x86
		{8373DBF7-D5C6-4211-AA3A-1BFEEF5781FC}.Ad-Hoc|iPhone.Deploy.0 = Release|x86
		{8373DBF7-D5C6-4211-AA3A-1BFEEF5781FC}.Ad-Hoc|iPhoneSimulator.ActiveCfg = Release|x86
		{8373DBF7-D5C6-4211-AA3A-1BFEEF5781FC}.Ad-Hoc|iPhoneSimulator.Build.0 = Release|x86
		{8373DBF7-D5C6-4211-AA3A-1BFEEF5781FC}.Ad-Hoc|iPhoneSimulator.Deploy.0 = Release|x86
		{8373DBF7-D5C6-4211-AA3A-1BFEEF5781FC}.Ad-Hoc|x64.ActiveCfg = Release|x64
		{8373DBF7-D5C6-4211-AA3A-1BFEEF5781FC}.Ad-Hoc|x64.Build.0 = Release|x64
		{8373DBF7-D5C6-4211-AA3A-1BFEEF5781FC}.Ad-Hoc|x64.Deploy.0 = Release|x64
		{8373DBF7-D5C6-4211-AA3A-1BFEEF5781FC}.Ad-Hoc|x86.ActiveCfg = Release|x86
		{8373DBF7-D5C6-4211-AA3A-1BFEEF5781FC}.Ad-Hoc|x86.Build.0 = Release|x86
		{8373DBF7-D5C6-4211-AA3A-1BFEEF5781FC}.Ad-Hoc|x86.Deploy.0 = Release|x86
		{8373DBF7-D5C6-4211-AA3A-1BFEEF5781FC}.AppStore|Any CPU.ActiveCfg = Release|x86
		{8373DBF7-D5C6-4211-AA3A-1BFEEF5781FC}.AppStore|Any CPU.Build.0 = Release|x86
		{8373DBF7-D5C6-4211-AA3A-1BFEEF5781FC}.AppStore|Any CPU.Deploy.0 = Release|x86
		{8373DBF7-D5C6-4211-AA3A-1BFEEF5781FC}.AppStore|ARM.ActiveCfg = Release|ARM
		{8373DBF7-D5C6-4211-AA3A-1BFEEF5781FC}.AppStore|ARM.Build.0 = Release|ARM
		{8373DBF7-D5C6-4211-AA3A-1BFEEF5781FC}.AppStore|ARM.Deploy.0 = Release|ARM
		{8373DBF7-D5C6-4211-AA3A-1BFEEF5781FC}.AppStore|iPhone.ActiveCfg = Release|x86
		{8373DBF7-D5C6-4211-AA3A-1BFEEF5781FC}.AppStore|iPhone.Build.0 = Release|x86
		{8373DBF7-D5C6-4211-AA3A-1BFEEF5781FC}.AppStore|iPhone.Deploy.0 = Release|x86
		{8373DBF7-D5C6-4211-AA3A-1BFEEF5781FC}.AppStore|iPhoneSimulator.ActiveCfg = Release|x86
		{8373DBF7-D5C6-4211-AA3A-1BFEEF5781FC}.AppStore|iPhoneSimulator.Build.0 = Release|x86
		{8373DBF7-D5C6-4211-AA3A-1BFEEF5781FC}.AppStore|iPhoneSimulator.Deploy.0 = Release|x86
		{8373DBF7-D5C6-4211-AA3A-1BFEEF5781FC}.AppStore|x64.ActiveCfg = Release|x64
		{8373DBF7-D5C6-4211-AA3A-1BFEEF5781FC}.AppStore|x64.Build.0 = Release|x64
		{8373DBF7-D5C6-4211-AA3A-1BFEEF5781FC}.AppStore|x64.Deploy.0 = Release|x64
		{8373DBF7-D5C6-4211-AA3A-1BFEEF5781FC}.AppStore|x86.ActiveCfg = Release|x86
		{8373DBF7-D5C6-4211-AA3A-1BFEEF5781FC}.AppStore|x86.Build.0 = Release|x86
		{8373DBF7-D5C6-4211-AA3A-1BFEEF5781FC}.AppStore|x86.Deploy.0 = Release|x86
		{8373DBF7-D5C6-4211-AA3A-1BFEEF5781FC}.Debug|Any CPU.ActiveCfg = Debug|x86
		{8373DBF7-D5C6-4211-AA3A-1BFEEF5781FC}.Debug|Any CPU.Build.0 = Debug|x86
		{8373DBF7-D5C6-4211-AA3A-1BFEEF5781FC}.Debug|Any CPU.Deploy.0 = Debug|x86
		{8373DBF7-D5C6-4211-AA3A-1BFEEF5781FC}.Debug|ARM.ActiveCfg = Debug|ARM
		{8373DBF7-D5C6-4211-AA3A-1BFEEF5781FC}.Debug|ARM.Build.0 = Debug|ARM
		{8373DBF7-D5C6-4211-AA3A-1BFEEF5781FC}.Debug|ARM.Deploy.0 = Debug|ARM
		{8373DBF7-D5C6-4211-AA3A-1BFEEF5781FC}.Debug|iPhone.ActiveCfg = Debug|x86
		{8373DBF7-D5C6-4211-AA3A-1BFEEF5781FC}.Debug|iPhone.Build.0 = Debug|x86
		{8373DBF7-D5C6-4211-AA3A-1BFEEF5781FC}.Debug|iPhone.Deploy.0 = Debug|x86
		{8373DBF7-D5C6-4211-AA3A-1BFEEF5781FC}.Debug|iPhoneSimulator.ActiveCfg = Debug|x86
		{8373DBF7-D5C6-4211-AA3A-1BFEEF5781FC}.Debug|iPhoneSimulator.Build.0 = Debug|x86
		{8373DBF7-D5C6-4211-AA3A-1BFEEF5781FC}.Debug|iPhoneSimulator.Deploy.0 = Debug|x86
		{8373DBF7-D5C6-4211-AA3A-1BFEEF5781FC}.Debug|x64.ActiveCfg = Debug|x64
		{8373DBF7-D5C6-4211-AA3A-1BFEEF5781FC}.Debug|x64.Build.0 = Debug|x64
		{8373DBF7-D5C6-4211-AA3A-1BFEEF5781FC}.Debug|x64.Deploy.0 = Debug|x64
		{8373DBF7-D5C6-4211-AA3A-1BFEEF5781FC}.Debug|x86.ActiveCfg = Debug|x86
		{8373DBF7-D5C6-4211-AA3A-1BFEEF5781FC}.Debug|x86.Build.0 = Debug|x86
		{8373DBF7-D5C6-4211-AA3A-1BFEEF5781FC}.Debug|x86.Deploy.0 = Debug|x86
		{8373DBF7-D5C6-4211-AA3A-1BFEEF5781FC}.Release|Any CPU.ActiveCfg = Release|x86
		{8373DBF7-D5C6-4211-AA3A-1BFEEF5781FC}.Release|Any CPU.Build.0 = Release|x86
		{8373DBF7-D5C6-4211-AA3A-1BFEEF5781FC}.Release|Any CPU.Deploy.0 = Release|x86
		{8373DBF7-D5C6-4211-AA3A-1BFEEF5781FC}.Release|ARM.ActiveCfg = Release|ARM
		{8373DBF7-D5C6-4211-AA3A-1BFEEF5781FC}.Release|ARM.Build.0 = Release|ARM
		{8373DBF7-D5C6-4211-AA3A-1BFEEF5781FC}.Release|ARM.Deploy.0 = Release|ARM
		{8373DBF7-D5C6-4211-AA3A-1BFEEF5781FC}.Release|iPhone.ActiveCfg = Release|x86
		{8373DBF7-D5C6-4211-AA3A-1BFEEF5781FC}.Release|iPhone.Build.0 = Release|x86
		{8373DBF7-D5C6-4211-AA3A-1BFEEF5781FC}.Release|iPhone.Deploy.0 = Release|x86
		{8373DBF7-D5C6-4211-AA3A-1BFEEF5781FC}.Release|iPhoneSimulator.ActiveCfg = Release|x86
		{8373DBF7-D5C6-4211-AA3A-1BFEEF5781FC}.Release|iPhoneSimulator.Build.0 = Release|x86
		{8373DBF7-D5C6-4211-AA3A-1BFEEF5781FC}.Release|iPhoneSimulator.Deploy.0 = Release|x86
		{8373DBF7-D5C6-4211-AA3A-1BFEEF5781FC}.Release|x64.ActiveCfg = Release|x64
		{8373DBF7-D5C6-4211-AA3A-1BFEEF5781FC}.Release|x64.Build.0 = Release|x64
		{8373DBF7-D5C6-4211-AA3A-1BFEEF5781FC}.Release|x64.Deploy.0 = Release|x64
		{8373DBF7-D5C6-4211-AA3A-1BFEEF5781FC}.Release|x86.ActiveCfg = Release|x86
		{8373DBF7-D5C6-4211-AA3A-1BFEEF5781FC}.Release|x86.Build.0 = Release|x86
		{8373DBF7-D5C6-4211-AA3A-1BFEEF5781FC}.Release|x86.Deploy.0 = Release|x86
		{89608E29-71CA-489A-B497-6DF089FD7864}.Ad-Hoc|Any CPU.ActiveCfg = Debug|Any CPU
		{89608E29-71CA-489A-B497-6DF089FD7864}.Ad-Hoc|Any CPU.Build.0 = Debug|Any CPU
		{89608E29-71CA-489A-B497-6DF089FD7864}.Ad-Hoc|Any CPU.Deploy.0 = Debug|Any CPU
		{89608E29-71CA-489A-B497-6DF089FD7864}.Ad-Hoc|ARM.ActiveCfg = Debug|Any CPU
		{89608E29-71CA-489A-B497-6DF089FD7864}.Ad-Hoc|ARM.Build.0 = Debug|Any CPU
		{89608E29-71CA-489A-B497-6DF089FD7864}.Ad-Hoc|ARM.Deploy.0 = Debug|Any CPU
		{89608E29-71CA-489A-B497-6DF089FD7864}.Ad-Hoc|iPhone.ActiveCfg = Debug|Any CPU
		{89608E29-71CA-489A-B497-6DF089FD7864}.Ad-Hoc|iPhone.Build.0 = Debug|Any CPU
		{89608E29-71CA-489A-B497-6DF089FD7864}.Ad-Hoc|iPhone.Deploy.0 = Debug|Any CPU
		{89608E29-71CA-489A-B497-6DF089FD7864}.Ad-Hoc|iPhoneSimulator.ActiveCfg = Debug|Any CPU
		{89608E29-71CA-489A-B497-6DF089FD7864}.Ad-Hoc|iPhoneSimulator.Build.0 = Debug|Any CPU
		{89608E29-71CA-489A-B497-6DF089FD7864}.Ad-Hoc|iPhoneSimulator.Deploy.0 = Debug|Any CPU
		{89608E29-71CA-489A-B497-6DF089FD7864}.Ad-Hoc|x64.ActiveCfg = Debug|Any CPU
		{89608E29-71CA-489A-B497-6DF089FD7864}.Ad-Hoc|x64.Build.0 = Debug|Any CPU
		{89608E29-71CA-489A-B497-6DF089FD7864}.Ad-Hoc|x64.Deploy.0 = Debug|Any CPU
		{89608E29-71CA-489A-B497-6DF089FD7864}.Ad-Hoc|x86.ActiveCfg = Debug|Any CPU
		{89608E29-71CA-489A-B497-6DF089FD7864}.Ad-Hoc|x86.Build.0 = Debug|Any CPU
		{89608E29-71CA-489A-B497-6DF089FD7864}.Ad-Hoc|x86.Deploy.0 = Debug|Any CPU
		{89608E29-71CA-489A-B497-6DF089FD7864}.AppStore|Any CPU.ActiveCfg = Debug|Any CPU
		{89608E29-71CA-489A-B497-6DF089FD7864}.AppStore|Any CPU.Build.0 = Debug|Any CPU
		{89608E29-71CA-489A-B497-6DF089FD7864}.AppStore|Any CPU.Deploy.0 = Debug|Any CPU
		{89608E29-71CA-489A-B497-6DF089FD7864}.AppStore|ARM.ActiveCfg = Debug|Any CPU
		{89608E29-71CA-489A-B497-6DF089FD7864}.AppStore|ARM.Build.0 = Debug|Any CPU
		{89608E29-71CA-489A-B497-6DF089FD7864}.AppStore|ARM.Deploy.0 = Debug|Any CPU
		{89608E29-71CA-489A-B497-6DF089FD7864}.AppStore|iPhone.ActiveCfg = Debug|Any CPU
		{89608E29-71CA-489A-B497-6DF089FD7864}.AppStore|iPhone.Build.0 = Debug|Any CPU
		{89608E29-71CA-489A-B497-6DF089FD7864}.AppStore|iPhone.Deploy.0 = Debug|Any CPU
		{89608E29-71CA-489A-B497-6DF089FD7864}.AppStore|iPhoneSimulator.ActiveCfg = Debug|Any CPU
		{89608E29-71CA-489A-B497-6DF089FD7864}.AppStore|iPhoneSimulator.Build.0 = Debug|Any CPU
		{89608E29-71CA-489A-B497-6DF089FD7864}.AppStore|iPhoneSimulator.Deploy.0 = Debug|Any CPU
		{89608E29-71CA-489A-B497-6DF089FD7864}.AppStore|x64.ActiveCfg = Debug|Any CPU
		{89608E29-71CA-489A-B497-6DF089FD7864}.AppStore|x64.Build.0 = Debug|Any CPU
		{89608E29-71CA-489A-B497-6DF089FD7864}.AppStore|x64.Deploy.0 = Debug|Any CPU
		{89608E29-71CA-489A-B497-6DF089FD7864}.AppStore|x86.ActiveCfg = Debug|Any CPU
		{89608E29-71CA-489A-B497-6DF089FD7864}.AppStore|x86.Build.0 = Debug|Any CPU
		{89608E29-71CA-489A-B497-6DF089FD7864}.AppStore|x86.Deploy.0 = Debug|Any CPU
		{89608E29-71CA-489A-B497-6DF089FD7864}.Debug|Any CPU.ActiveCfg = Debug|Any CPU
		{89608E29-71CA-489A-B497-6DF089FD7864}.Debug|Any CPU.Build.0 = Debug|Any CPU
		{89608E29-71CA-489A-B497-6DF089FD7864}.Debug|Any CPU.Deploy.0 = Debug|Any CPU
		{89608E29-71CA-489A-B497-6DF089FD7864}.Debug|ARM.ActiveCfg = Debug|Any CPU
		{89608E29-71CA-489A-B497-6DF089FD7864}.Debug|ARM.Build.0 = Debug|Any CPU
		{89608E29-71CA-489A-B497-6DF089FD7864}.Debug|ARM.Deploy.0 = Debug|Any CPU
		{89608E29-71CA-489A-B497-6DF089FD7864}.Debug|iPhone.ActiveCfg = Debug|Any CPU
		{89608E29-71CA-489A-B497-6DF089FD7864}.Debug|iPhone.Build.0 = Debug|Any CPU
		{89608E29-71CA-489A-B497-6DF089FD7864}.Debug|iPhone.Deploy.0 = Debug|Any CPU
		{89608E29-71CA-489A-B497-6DF089FD7864}.Debug|iPhoneSimulator.ActiveCfg = Debug|Any CPU
		{89608E29-71CA-489A-B497-6DF089FD7864}.Debug|iPhoneSimulator.Build.0 = Debug|Any CPU
		{89608E29-71CA-489A-B497-6DF089FD7864}.Debug|iPhoneSimulator.Deploy.0 = Debug|Any CPU
		{89608E29-71CA-489A-B497-6DF089FD7864}.Debug|x64.ActiveCfg = Debug|Any CPU
		{89608E29-71CA-489A-B497-6DF089FD7864}.Debug|x64.Build.0 = Debug|Any CPU
		{89608E29-71CA-489A-B497-6DF089FD7864}.Debug|x64.Deploy.0 = Debug|Any CPU
		{89608E29-71CA-489A-B497-6DF089FD7864}.Debug|x86.ActiveCfg = Debug|Any CPU
		{89608E29-71CA-489A-B497-6DF089FD7864}.Debug|x86.Build.0 = Debug|Any CPU
		{89608E29-71CA-489A-B497-6DF089FD7864}.Debug|x86.Deploy.0 = Debug|Any CPU
		{89608E29-71CA-489A-B497-6DF089FD7864}.Release|Any CPU.ActiveCfg = Release|Any CPU
		{89608E29-71CA-489A-B497-6DF089FD7864}.Release|Any CPU.Build.0 = Release|Any CPU
		{89608E29-71CA-489A-B497-6DF089FD7864}.Release|Any CPU.Deploy.0 = Release|Any CPU
		{89608E29-71CA-489A-B497-6DF089FD7864}.Release|ARM.ActiveCfg = Release|Any CPU
		{89608E29-71CA-489A-B497-6DF089FD7864}.Release|ARM.Build.0 = Release|Any CPU
		{89608E29-71CA-489A-B497-6DF089FD7864}.Release|ARM.Deploy.0 = Release|Any CPU
		{89608E29-71CA-489A-B497-6DF089FD7864}.Release|iPhone.ActiveCfg = Release|Any CPU
		{89608E29-71CA-489A-B497-6DF089FD7864}.Release|iPhone.Build.0 = Release|Any CPU
		{89608E29-71CA-489A-B497-6DF089FD7864}.Release|iPhone.Deploy.0 = Release|Any CPU
		{89608E29-71CA-489A-B497-6DF089FD7864}.Release|iPhoneSimulator.ActiveCfg = Release|Any CPU
		{89608E29-71CA-489A-B497-6DF089FD7864}.Release|iPhoneSimulator.Build.0 = Release|Any CPU
		{89608E29-71CA-489A-B497-6DF089FD7864}.Release|iPhoneSimulator.Deploy.0 = Release|Any CPU
		{89608E29-71CA-489A-B497-6DF089FD7864}.Release|x64.ActiveCfg = Release|Any CPU
		{89608E29-71CA-489A-B497-6DF089FD7864}.Release|x64.Build.0 = Release|Any CPU
		{89608E29-71CA-489A-B497-6DF089FD7864}.Release|x64.Deploy.0 = Release|Any CPU
		{89608E29-71CA-489A-B497-6DF089FD7864}.Release|x86.ActiveCfg = Release|Any CPU
		{89608E29-71CA-489A-B497-6DF089FD7864}.Release|x86.Build.0 = Release|Any CPU
		{89608E29-71CA-489A-B497-6DF089FD7864}.Release|x86.Deploy.0 = Release|Any CPU
	EndGlobalSection
	GlobalSection(SolutionProperties) = preSolution
		HideSolutionNode = FALSE
	EndGlobalSection
	GlobalSection(ExtensibilityGlobals) = postSolution
		SolutionGuid = {1DA944B3-07FC-480B-AD9A-2FFDD00051BA}
	EndGlobalSection
EndGlobal
